
Microsoft Visual Studio Solution File, Format Version 12.00
# Visual Studio Version 17
VisualStudioVersion = 17.4.33213.308
MinimumVisualStudioVersion = 10.0.40219.1
Project("{FAE04EC0-301F-11D3-BF4B-00C04F79EFBC}") = "BasicProgram", "BasicProgram\BasicProgram.csproj", "{ABADB987-B240-48A3-93E4-A74667383DE5}"
EndProject
Global
	GlobalSection(SolutionConfigurationPlatforms) = preSolution
		Debug|Any CPU = Debug|Any CPU
		Release|Any CPU = Release|Any CPU
	EndGlobalSection
	GlobalSection(ProjectConfigurationPlatforms) = postSolution
		{ABADB987-B240-48A3-93E4-A74667383DE5}.Debug|Any CPU.ActiveCfg = Debug|Any CPU
		{ABADB987-B240-48A3-93E4-A74667383DE5}.Debug|Any CPU.Build.0 = Debug|Any CPU
		{ABADB987-B240-48A3-93E4-A74667383DE5}.Release|Any CPU.ActiveCfg = Release|Any CPU
		{ABADB987-B240-48A3-93E4-A74667383DE5}.Release|Any CPU.Build.0 = Release|Any CPU
	EndGlobalSection
	GlobalSection(SolutionProperties) = preSolution
		HideSolutionNode = FALSE
	EndGlobalSection
	GlobalSection(ExtensibilityGlobals) = postSolution
		SolutionGuid = {58F70C4E-DD8F-46DC-9393-F6EAD206851E}
	EndGlobalSection
EndGlobal
